
Microsoft Visual Studio Solution File, Format Version 12.00
# Visual Studio Version 17
VisualStudioVersion = 17.14.36429.23
MinimumVisualStudioVersion = 10.0.40219.1
Project("{2150E333-8FDC-42A3-9474-1A3956D46DE8}") = "Task0", "Task0", "{02EA681E-C7D8-13C7-8484-4AC65E1B71E8}"
EndProject
Project("{FAE04EC0-301F-11D3-BF4B-00C04F79EFBC}") = "Tyuiu.ShelomentsevYA.Sprint0.Task0.V0", "Tyuiu.ShelomentsevYA.Sprint0.Task0.V0\Tyuiu.ShelomentsevYA.Sprint0.Task0.V0.csproj", "{C60A8ED0-33C2-49F9-907C-274369742497}"
EndProject
Project("{2150E333-8FDC-42A3-9474-1A3956D46DE8}") = "Task1", "Task1", "{5250506F-F7A2-4079-92A0-866D63B6F13C}"
EndProject
Project("{FAE04EC0-301F-11D3-BF4B-00C04F79EFBC}") = "Tyuiu.ShelomentsevYA.Sprint0.Task1.V0", "Tyuiu.ShelomentsevYA.Sprint0.Task1.V0\Tyuiu.ShelomentsevYA.Sprint0.Task1.V0.csproj", "{8247622B-2406-40F6-ADB5-1C1E79C66B79}"
EndProject
Project("{2150E333-8FDC-42A3-9474-1A3956D46DE8}") = "Task2", "Task2", "{3A25DF7A-6156-4857-AA5F-77BC0BD89B6E}"
EndProject
Project("{FAE04EC0-301F-11D3-BF4B-00C04F79EFBC}") = "Tyuiu.ShelomentsevYA.Sprint0.Task2.V0", "Tyuiu.ShelomentsevYA.Sprint0.Task2.V0\Tyuiu.ShelomentsevYA.Sprint0.Task2.V0.csproj", "{155D88B9-C979-44D6-82E0-35FC2E65D36A}"
EndProject
Project("{FAE04EC0-301F-11D3-BF4B-00C04F79EFBC}") = "Tyuiu.ShelomentsevYA.Sprint0.Task2.V0.Lib", "Tyuiu.ShelomentsevYA.Sprint0.Task2.V0.Lib\Tyuiu.ShelomentsevYA.Sprint0.Task2.V0.Lib.csproj", "{7DAB8543-FEEF-4942-8F17-F38D67D5E295}"
EndProject
Project("{FAE04EC0-301F-11D3-BF4B-00C04F79EFBC}") = "Tyuiu.ShelomentsevYA.Sprint0.Task2.V0.Test", "Tyuiu.ShelomentsevYA.Sprint0.Task2.V0.Test\Tyuiu.ShelomentsevYA.Sprint0.Task2.V0.Test.csproj", "{4812664E-96D7-48D9-A47F-4EED11AE02A5}"
EndProject
Project("{2150E333-8FDC-42A3-9474-1A3956D46DE8}") = "Task3", "Task3", "{5EFA8A72-D8A3-402E-B19B-55C5B76DE906}"
EndProject
Project("{FAE04EC0-301F-11D3-BF4B-00C04F79EFBC}") = "Tyuiu.ShelomentsevYA.Sprint0.Task3.V0", "Tyuiu.ShelomentsevYA.Sprint0.Task3.V0\Tyuiu.ShelomentsevYA.Sprint0.Task3.V0.csproj", "{9B0E858F-4069-43A5-92DE-F22D56597E71}"
EndProject
Project("{FAE04EC0-301F-11D3-BF4B-00C04F79EFBC}") = "Tyuiu.ShelomentsevYA.Sprint0.Task3.V0.Test", "Tyuiu.ShelomentsevYA.Sprint0.Task3.Test\Tyuiu.ShelomentsevYA.Sprint0.Task3.V0.Test.csproj", "{3C7AFE03-F529-459B-A044-147B20A54918}"
EndProject
Project("{FAE04EC0-301F-11D3-BF4B-00C04F79EFBC}") = "Tyuiu.ShelomentsevYA.Sprint0.Task3.V0.Lib", "Tyuiu.ShelomentsevYA.Sprint0.Task3.Lib\Tyuiu.ShelomentsevYA.Sprint0.Task3.V0.Lib.csproj", "{77576738-38DC-4BA2-AF1D-B64E61F48303}"
EndProject
Project("{2150E333-8FDC-42A3-9474-1A3956D46DE8}") = "Task4", "Task4", "{6CDBBC30-1775-4FB4-9978-05563EF81801}"
EndProject
Project("{FAE04EC0-301F-11D3-BF4B-00C04F79EFBC}") = "Tyuiu.ShelomentsevYA.Sprint0.Task4.V0.Lib", "Tyuiu.ShelomentsevYA.Sprint0.Task4.V0.Lib\Tyuiu.ShelomentsevYA.Sprint0.Task4.V0.Lib.csproj", "{C9CCDC76-9E39-437E-AEDE-3C2F2075703B}"
EndProject
Project("{FAE04EC0-301F-11D3-BF4B-00C04F79EFBC}") = "Tyuiu.ShelomentsevYA.Sprint0.Task4.V0.Test", "Tyuiu.ShelomentsevYA.Sprint0.Task4.V0.Test\Tyuiu.ShelomentsevYA.Sprint0.Task4.V0.Test.csproj", "{1D34A57D-1053-446E-99EA-D611BA984E73}"
EndProject
Project("{FAE04EC0-301F-11D3-BF4B-00C04F79EFBC}") = "Tyuiu.ShelomentsevYA.Sprint0.Task4.V0", "Tyuiu.ShelomentsevYA.Sprint0.Task4.V0\Tyuiu.ShelomentsevYA.Sprint0.Task4.V0.csproj", "{E099CFEB-2D01-48DB-BA38-47FE83626C5A}"
EndProject
Project("{2150E333-8FDC-42A3-9474-1A3956D46DE8}") = "Task5", "Task5", "{539E77CB-A085-4C1E-B964-AF0941C76AC0}"
EndProject
Project("{FAE04EC0-301F-11D3-BF4B-00C04F79EFBC}") = "Tyuiu.ShelomentsevYA.Sprint0.Task5.V0", "Tyuiu.ShelomentsevYA.Sprint0.Task5.V0\Tyuiu.ShelomentsevYA.Sprint0.Task5.V0.csproj", "{F597F85B-556B-4FF4-8A8D-1572BCCCD58B}"
EndProject
Project("{FAE04EC0-301F-11D3-BF4B-00C04F79EFBC}") = "Tyuiu.ShelomentsevYA.Sprint0.Task5.V0.Test", "Tyuiu.ShelomentsevYA.Sprint0.Task5.V0.Test\Tyuiu.ShelomentsevYA.Sprint0.Task5.V0.Test.csproj", "{7DE38869-D1E2-49E5-B220-BA604AF8DD1F}"
EndProject
Project("{FAE04EC0-301F-11D3-BF4B-00C04F79EFBC}") = "Tyuiu.ShelomentsevYA.Sprint0.Task5.V0.Lib", "Tyuiu.ShelomentsevYA.Sprint0.Task5.V0.Lib\Tyuiu.ShelomentsevYA.Sprint0.Task5.V0.Lib.csproj", "{79849DEE-E571-4446-8039-E6A43ED5929C}"
EndProject
Project("{2150E333-8FDC-42A3-9474-1A3956D46DE8}") = "Task6", "Task6", "{C1A0229C-85FA-4422-AD68-A155563C4222}"
EndProject
Project("{FAE04EC0-301F-11D3-BF4B-00C04F79EFBC}") = "Tyuiu.ShelomentsevYA.Sprint0.Task6.V0.Lib", "Tyuiu.ShelomentsevYA.Sprint0.Task6.V0.Lib\Tyuiu.ShelomentsevYA.Sprint0.Task6.V0.Lib.csproj", "{9DC78366-7F0B-4AFC-AEE8-3EB37EC23B87}"
EndProject
Project("{FAE04EC0-301F-11D3-BF4B-00C04F79EFBC}") = "Tyuiu.ShelomentsevYA.Sprint0.Task6.V0.Test", "Tyuiu.ShelomentsevYA.Sprint0.Task6.V0.Test\Tyuiu.ShelomentsevYA.Sprint0.Task6.V0.Test.csproj", "{C9085E05-5D55-45A0-83AE-92CE1BED322D}"
EndProject
Project("{FAE04EC0-301F-11D3-BF4B-00C04F79EFBC}") = "Tyuiu.ShelomentsevYA.Sprint0.Task6.V0", "Tyuiu.ShelomentsevYA.Sprint0.Task6.V0\Tyuiu.ShelomentsevYA.Sprint0.Task6.V0.csproj", "{F4741F4A-71AC-4BA3-B47B-656FC014EFC5}"
EndProject
Global
	GlobalSection(SolutionConfigurationPlatforms) = preSolution
		Debug|Any CPU = Debug|Any CPU
		Release|Any CPU = Release|Any CPU
	EndGlobalSection
	GlobalSection(ProjectConfigurationPlatforms) = postSolution
		{C60A8ED0-33C2-49F9-907C-274369742497}.Debug|Any CPU.ActiveCfg = Debug|Any CPU
		{C60A8ED0-33C2-49F9-907C-274369742497}.Debug|Any CPU.Build.0 = Debug|Any CPU
		{C60A8ED0-33C2-49F9-907C-274369742497}.Release|Any CPU.ActiveCfg = Release|Any CPU
		{C60A8ED0-33C2-49F9-907C-274369742497}.Release|Any CPU.Build.0 = Release|Any CPU
		{8247622B-2406-40F6-ADB5-1C1E79C66B79}.Debug|Any CPU.ActiveCfg = Debug|Any CPU
		{8247622B-2406-40F6-ADB5-1C1E79C66B79}.Debug|Any CPU.Build.0 = Debug|Any CPU
		{8247622B-2406-40F6-ADB5-1C1E79C66B79}.Release|Any CPU.ActiveCfg = Release|Any CPU
		{8247622B-2406-40F6-ADB5-1C1E79C66B79}.Release|Any CPU.Build.0 = Release|Any CPU
		{155D88B9-C979-44D6-82E0-35FC2E65D36A}.Debug|Any CPU.ActiveCfg = Debug|Any CPU
		{155D88B9-C979-44D6-82E0-35FC2E65D36A}.Debug|Any CPU.Build.0 = Debug|Any CPU
		{155D88B9-C979-44D6-82E0-35FC2E65D36A}.Release|Any CPU.ActiveCfg = Release|Any CPU
		{155D88B9-C979-44D6-82E0-35FC2E65D36A}.Release|Any CPU.Build.0 = Release|Any CPU
		{7DAB8543-FEEF-4942-8F17-F38D67D5E295}.Debug|Any CPU.ActiveCfg = Debug|Any CPU
		{7DAB8543-FEEF-4942-8F17-F38D67D5E295}.Debug|Any CPU.Build.0 = Debug|Any CPU
		{7DAB8543-FEEF-4942-8F17-F38D67D5E295}.Release|Any CPU.ActiveCfg = Release|Any CPU
		{7DAB8543-FEEF-4942-8F17-F38D67D5E295}.Release|Any CPU.Build.0 = Release|Any CPU
		{4812664E-96D7-48D9-A47F-4EED11AE02A5}.Debug|Any CPU.ActiveCfg = Debug|Any CPU
		{4812664E-96D7-48D9-A47F-4EED11AE02A5}.Debug|Any CPU.Build.0 = Debug|Any CPU
		{4812664E-96D7-48D9-A47F-4EED11AE02A5}.Release|Any CPU.ActiveCfg = Release|Any CPU
		{4812664E-96D7-48D9-A47F-4EED11AE02A5}.Release|Any CPU.Build.0 = Release|Any CPU
		{9B0E858F-4069-43A5-92DE-F22D56597E71}.Debug|Any CPU.ActiveCfg = Debug|Any CPU
		{9B0E858F-4069-43A5-92DE-F22D56597E71}.Debug|Any CPU.Build.0 = Debug|Any CPU
		{9B0E858F-4069-43A5-92DE-F22D56597E71}.Release|Any CPU.ActiveCfg = Release|Any CPU
		{9B0E858F-4069-43A5-92DE-F22D56597E71}.Release|Any CPU.Build.0 = Release|Any CPU
		{3C7AFE03-F529-459B-A044-147B20A54918}.Debug|Any CPU.ActiveCfg = Debug|Any CPU
		{3C7AFE03-F529-459B-A044-147B20A54918}.Debug|Any CPU.Build.0 = Debug|Any CPU
		{3C7AFE03-F529-459B-A044-147B20A54918}.Release|Any CPU.ActiveCfg = Release|Any CPU
		{3C7AFE03-F529-459B-A044-147B20A54918}.Release|Any CPU.Build.0 = Release|Any CPU
		{77576738-38DC-4BA2-AF1D-B64E61F48303}.Debug|Any CPU.ActiveCfg = Debug|Any CPU
		{77576738-38DC-4BA2-AF1D-B64E61F48303}.Debug|Any CPU.Build.0 = Debug|Any CPU
		{77576738-38DC-4BA2-AF1D-B64E61F48303}.Release|Any CPU.ActiveCfg = Release|Any CPU
		{77576738-38DC-4BA2-AF1D-B64E61F48303}.Release|Any CPU.Build.0 = Release|Any CPU
		{C9CCDC76-9E39-437E-AEDE-3C2F2075703B}.Debug|Any CPU.ActiveCfg = Debug|Any CPU
		{C9CCDC76-9E39-437E-AEDE-3C2F2075703B}.Debug|Any CPU.Build.0 = Debug|Any CPU
		{C9CCDC76-9E39-437E-AEDE-3C2F2075703B}.Release|Any CPU.ActiveCfg = Release|Any CPU
		{C9CCDC76-9E39-437E-AEDE-3C2F2075703B}.Release|Any CPU.Build.0 = Release|Any CPU
		{1D34A57D-1053-446E-99EA-D611BA984E73}.Debug|Any CPU.ActiveCfg = Debug|Any CPU
		{1D34A57D-1053-446E-99EA-D611BA984E73}.Debug|Any CPU.Build.0 = Debug|Any CPU
		{1D34A57D-1053-446E-99EA-D611BA984E73}.Release|Any CPU.ActiveCfg = Release|Any CPU
		{1D34A57D-1053-446E-99EA-D611BA984E73}.Release|Any CPU.Build.0 = Release|Any CPU
		{E099CFEB-2D01-48DB-BA38-47FE83626C5A}.Debug|Any CPU.ActiveCfg = Debug|Any CPU
		{E099CFEB-2D01-48DB-BA38-47FE83626C5A}.Debug|Any CPU.Build.0 = Debug|Any CPU
		{E099CFEB-2D01-48DB-BA38-47FE83626C5A}.Release|Any CPU.ActiveCfg = Release|Any CPU
		{E099CFEB-2D01-48DB-BA38-47FE83626C5A}.Release|Any CPU.Build.0 = Release|Any CPU
		{F597F85B-556B-4FF4-8A8D-1572BCCCD58B}.Debug|Any CPU.ActiveCfg = Debug|Any CPU
		{F597F85B-556B-4FF4-8A8D-1572BCCCD58B}.Debug|Any CPU.Build.0 = Debug|Any CPU
		{F597F85B-556B-4FF4-8A8D-1572BCCCD58B}.Release|Any CPU.ActiveCfg = Release|Any CPU
		{F597F85B-556B-4FF4-8A8D-1572BCCCD58B}.Release|Any CPU.Build.0 = Release|Any CPU
		{7DE38869-D1E2-49E5-B220-BA604AF8DD1F}.Debug|Any CPU.ActiveCfg = Debug|Any CPU
		{7DE38869-D1E2-49E5-B220-BA604AF8DD1F}.Debug|Any CPU.Build.0 = Debug|Any CPU
		{7DE38869-D1E2-49E5-B220-BA604AF8DD1F}.Release|Any CPU.ActiveCfg = Release|Any CPU
		{7DE38869-D1E2-49E5-B220-BA604AF8DD1F}.Release|Any CPU.Build.0 = Release|Any CPU
		{79849DEE-E571-4446-8039-E6A43ED5929C}.Debug|Any CPU.ActiveCfg = Debug|Any CPU
		{79849DEE-E571-4446-8039-E6A43ED5929C}.Debug|Any CPU.Build.0 = Debug|Any CPU
		{79849DEE-E571-4446-8039-E6A43ED5929C}.Release|Any CPU.ActiveCfg = Release|Any CPU
		{79849DEE-E571-4446-8039-E6A43ED5929C}.Release|Any CPU.Build.0 = Release|Any CPU
		{9DC78366-7F0B-4AFC-AEE8-3EB37EC23B87}.Debug|Any CPU.ActiveCfg = Debug|Any CPU
		{9DC78366-7F0B-4AFC-AEE8-3EB37EC23B87}.Debug|Any CPU.Build.0 = Debug|Any CPU
		{9DC78366-7F0B-4AFC-AEE8-3EB37EC23B87}.Release|Any CPU.ActiveCfg = Release|Any CPU
		{9DC78366-7F0B-4AFC-AEE8-3EB37EC23B87}.Release|Any CPU.Build.0 = Release|Any CPU
		{C9085E05-5D55-45A0-83AE-92CE1BED322D}.Debug|Any CPU.ActiveCfg = Debug|Any CPU
		{C9085E05-5D55-45A0-83AE-92CE1BED322D}.Debug|Any CPU.Build.0 = Debug|Any CPU
		{C9085E05-5D55-45A0-83AE-92CE1BED322D}.Release|Any CPU.ActiveCfg = Release|Any CPU
		{C9085E05-5D55-45A0-83AE-92CE1BED322D}.Release|Any CPU.Build.0 = Release|Any CPU
		{F4741F4A-71AC-4BA3-B47B-656FC014EFC5}.Debug|Any CPU.ActiveCfg = Debug|Any CPU
		{F4741F4A-71AC-4BA3-B47B-656FC014EFC5}.Debug|Any CPU.Build.0 = Debug|Any CPU
		{F4741F4A-71AC-4BA3-B47B-656FC014EFC5}.Release|Any CPU.ActiveCfg = Release|Any CPU
		{F4741F4A-71AC-4BA3-B47B-656FC014EFC5}.Release|Any CPU.Build.0 = Release|Any CPU
	EndGlobalSection
	GlobalSection(SolutionProperties) = preSolution
		HideSolutionNode = FALSE
	EndGlobalSection
	GlobalSection(NestedProjects) = preSolution
		{C60A8ED0-33C2-49F9-907C-274369742497} = {02EA681E-C7D8-13C7-8484-4AC65E1B71E8}
		{8247622B-2406-40F6-ADB5-1C1E79C66B79} = {5250506F-F7A2-4079-92A0-866D63B6F13C}
		{155D88B9-C979-44D6-82E0-35FC2E65D36A} = {3A25DF7A-6156-4857-AA5F-77BC0BD89B6E}
		{7DAB8543-FEEF-4942-8F17-F38D67D5E295} = {3A25DF7A-6156-4857-AA5F-77BC0BD89B6E}
		{4812664E-96D7-48D9-A47F-4EED11AE02A5} = {3A25DF7A-6156-4857-AA5F-77BC0BD89B6E}
		{9B0E858F-4069-43A5-92DE-F22D56597E71} = {5EFA8A72-D8A3-402E-B19B-55C5B76DE906}
		{3C7AFE03-F529-459B-A044-147B20A54918} = {5EFA8A72-D8A3-402E-B19B-55C5B76DE906}
		{77576738-38DC-4BA2-AF1D-B64E61F48303} = {5EFA8A72-D8A3-402E-B19B-55C5B76DE906}
		{C9CCDC76-9E39-437E-AEDE-3C2F2075703B} = {6CDBBC30-1775-4FB4-9978-05563EF81801}
		{1D34A57D-1053-446E-99EA-D611BA984E73} = {6CDBBC30-1775-4FB4-9978-05563EF81801}
		{E099CFEB-2D01-48DB-BA38-47FE83626C5A} = {6CDBBC30-1775-4FB4-9978-05563EF81801}
		{F597F85B-556B-4FF4-8A8D-1572BCCCD58B} = {539E77CB-A085-4C1E-B964-AF0941C76AC0}
		{7DE38869-D1E2-49E5-B220-BA604AF8DD1F} = {539E77CB-A085-4C1E-B964-AF0941C76AC0}
		{79849DEE-E571-4446-8039-E6A43ED5929C} = {539E77CB-A085-4C1E-B964-AF0941C76AC0}
		{9DC78366-7F0B-4AFC-AEE8-3EB37EC23B87} = {C1A0229C-85FA-4422-AD68-A155563C4222}
		{C9085E05-5D55-45A0-83AE-92CE1BED322D} = {C1A0229C-85FA-4422-AD68-A155563C4222}
		{F4741F4A-71AC-4BA3-B47B-656FC014EFC5} = {C1A0229C-85FA-4422-AD68-A155563C4222}
	EndGlobalSection
	GlobalSection(ExtensibilityGlobals) = postSolution
		SolutionGuid = {59F0B74B-4268-4CB3-963D-349D1EBBA4EC}
	EndGlobalSection
EndGlobal
